
Microsoft Visual Studio Solution File, Format Version 12.00
# Visual Studio Version 17
VisualStudioVersion = 17.14.36414.22 d17.14
MinimumVisualStudioVersion = 10.0.40219.1
Project("{FAE04EC0-301F-11D3-BF4B-00C04F79EFBC}") = "OOP_1_Getraenkeautomat", "OOP_1_Getraenkeautomat.csproj", "{6886347F-75BB-4117-AF56-8B689F5EB040}"
EndProject
Global
	GlobalSection(SolutionConfigurationPlatforms) = preSolution
		Debug|Any CPU = Debug|Any CPU
		Release|Any CPU = Release|Any CPU
	EndGlobalSection
	GlobalSection(ProjectConfigurationPlatforms) = postSolution
		{6886347F-75BB-4117-AF56-8B689F5EB040}.Debug|Any CPU.ActiveCfg = Debug|Any CPU
		{6886347F-75BB-4117-AF56-8B689F5EB040}.Debug|Any CPU.Build.0 = Debug|Any CPU
		{6886347F-75BB-4117-AF56-8B689F5EB040}.Release|Any CPU.ActiveCfg = Release|Any CPU
		{6886347F-75BB-4117-AF56-8B689F5EB040}.Release|Any CPU.Build.0 = Release|Any CPU
	EndGlobalSection
	GlobalSection(SolutionProperties) = preSolution
		HideSolutionNode = FALSE
	EndGlobalSection
	GlobalSection(ExtensibilityGlobals) = postSolution
		SolutionGuid = {774CC73C-3C30-4946-AE0F-FB592533ED84}
	EndGlobalSection
EndGlobal
